
Microsoft Visual Studio Solution File, Format Version 12.00
# Visual Studio Version 17
VisualStudioVersion = 17.9.34902.65
MinimumVisualStudioVersion = 10.0.40219.1
Project("{FAE04EC0-301F-11D3-BF4B-00C04F79EFBC}") = "01_Presentacion", "01_Presentacion\01_Presentacion.csproj", "{5763F679-D457-4746-AFC9-664B258121D2}"
EndProject
Project("{FAE04EC0-301F-11D3-BF4B-00C04F79EFBC}") = "02_Aplicacion", "02_Aplicacion\02_Aplicacion.csproj", "{2AE89939-CF38-4ED0-8089-C1E18452A072}"
EndProject
Project("{FAE04EC0-301F-11D3-BF4B-00C04F79EFBC}") = "03_Dominio", "03_Dominio\03_Dominio.csproj", "{31E6CCCB-C0CE-4910-8B32-86A62FA20A26}"
EndProject
Project("{FAE04EC0-301F-11D3-BF4B-00C04F79EFBC}") = "04_PersistenciaDatos", "04_PersistenciaDatos\04_PersistenciaDatos.csproj", "{94478181-7C0F-4A36-9305-72B0E0AB0056}"
EndProject
Global
	GlobalSection(SolutionConfigurationPlatforms) = preSolution
		Debug|Any CPU = Debug|Any CPU
		Release|Any CPU = Release|Any CPU
	EndGlobalSection
	GlobalSection(ProjectConfigurationPlatforms) = postSolution
		{5763F679-D457-4746-AFC9-664B258121D2}.Debug|Any CPU.ActiveCfg = Debug|Any CPU
		{5763F679-D457-4746-AFC9-664B258121D2}.Debug|Any CPU.Build.0 = Debug|Any CPU
		{5763F679-D457-4746-AFC9-664B258121D2}.Release|Any CPU.ActiveCfg = Release|Any CPU
		{5763F679-D457-4746-AFC9-664B258121D2}.Release|Any CPU.Build.0 = Release|Any CPU
		{2AE89939-CF38-4ED0-8089-C1E18452A072}.Debug|Any CPU.ActiveCfg = Debug|Any CPU
		{2AE89939-CF38-4ED0-8089-C1E18452A072}.Debug|Any CPU.Build.0 = Debug|Any CPU
		{2AE89939-CF38-4ED0-8089-C1E18452A072}.Release|Any CPU.ActiveCfg = Release|Any CPU
		{2AE89939-CF38-4ED0-8089-C1E18452A072}.Release|Any CPU.Build.0 = Release|Any CPU
		{31E6CCCB-C0CE-4910-8B32-86A62FA20A26}.Debug|Any CPU.ActiveCfg = Debug|Any CPU
		{31E6CCCB-C0CE-4910-8B32-86A62FA20A26}.Debug|Any CPU.Build.0 = Debug|Any CPU
		{31E6CCCB-C0CE-4910-8B32-86A62FA20A26}.Release|Any CPU.ActiveCfg = Release|Any CPU
		{31E6CCCB-C0CE-4910-8B32-86A62FA20A26}.Release|Any CPU.Build.0 = Release|Any CPU
		{94478181-7C0F-4A36-9305-72B0E0AB0056}.Debug|Any CPU.ActiveCfg = Debug|Any CPU
		{94478181-7C0F-4A36-9305-72B0E0AB0056}.Debug|Any CPU.Build.0 = Debug|Any CPU
		{94478181-7C0F-4A36-9305-72B0E0AB0056}.Release|Any CPU.ActiveCfg = Release|Any CPU
		{94478181-7C0F-4A36-9305-72B0E0AB0056}.Release|Any CPU.Build.0 = Release|Any CPU
	EndGlobalSection
	GlobalSection(SolutionProperties) = preSolution
		HideSolutionNode = FALSE
	EndGlobalSection
	GlobalSection(ExtensibilityGlobals) = postSolution
		SolutionGuid = {DCB85EB7-AAB8-40F8-80A0-098DAFFD0EAE}
	EndGlobalSection
EndGlobal
